
Microsoft Visual Studio Solution File, Format Version 12.00
# Visual Studio Version 16
VisualStudioVersion = 16.0.31729.503
MinimumVisualStudioVersion = 10.0.40219.1
Project("{FAE04EC0-301F-11D3-BF4B-00C04F79EFBC}") = "EventApp", "EventApp\EventApp.csproj", "{6D3DEF47-BD8E-4A3A-A85A-92124458A5BC}"
EndProject
Global
	GlobalSection(SolutionConfigurationPlatforms) = preSolution
		Debug|Any CPU = Debug|Any CPU
		Release|Any CPU = Release|Any CPU
	EndGlobalSection
	GlobalSection(ProjectConfigurationPlatforms) = postSolution
		{6D3DEF47-BD8E-4A3A-A85A-92124458A5BC}.Debug|Any CPU.ActiveCfg = Debug|Any CPU
		{6D3DEF47-BD8E-4A3A-A85A-92124458A5BC}.Debug|Any CPU.Build.0 = Debug|Any CPU
		{6D3DEF47-BD8E-4A3A-A85A-92124458A5BC}.Release|Any CPU.ActiveCfg = Release|Any CPU
		{6D3DEF47-BD8E-4A3A-A85A-92124458A5BC}.Release|Any CPU.Build.0 = Release|Any CPU
	EndGlobalSection
	GlobalSection(SolutionProperties) = preSolution
		HideSolutionNode = FALSE
	EndGlobalSection
	GlobalSection(ExtensibilityGlobals) = postSolution
		SolutionGuid = {D1C38611-4356-487E-9191-64FF3A1A81F4}
	EndGlobalSection
EndGlobal
